// !$*UTF8*$!
{
	archiveVersion = 1;
	classes = {
	};
	objectVersion = 56;
	objects = {

/* Begin PBXBuildFile section */
		9312F1442C70568B001843E6 /* URLImage in Frameworks */ = {isa = PBXBuildFile; productRef = 9312F1432C70568B001843E6 /* URLImage */; };
		9312F1462C70568B001843E6 /* URLImageStore in Frameworks */ = {isa = PBXBuildFile; productRef = 9312F1452C70568B001843E6 /* URLImageStore */; };
		932E9FCB2C70372F008F7E12 /* RSSItem.swift in Sources */ = {isa = PBXBuildFile; fileRef = 932E9FCA2C70372F008F7E12 /* RSSItem.swift */; };
		93A074D62C7306F800D71FBB /* SourceList.swift in Sources */ = {isa = PBXBuildFile; fileRef = 93A074D52C7306F800D71FBB /* SourceList.swift */; };
		93A074D82C73086A00D71FBB /* UserConfig.swift in Sources */ = {isa = PBXBuildFile; fileRef = 93A074D72C73086A00D71FBB /* UserConfig.swift */; };
		93A074DA2C7319D600D71FBB /* getUserConfig.swift in Sources */ = {isa = PBXBuildFile; fileRef = 93A074D92C7319D600D71FBB /* getUserConfig.swift */; };
		93A5BD472C73A88A0032F92B /* uploadUserConfig.swift in Sources */ = {isa = PBXBuildFile; fileRef = 93A5BD462C73A88A0032F92B /* uploadUserConfig.swift */; };
		93C5AFF52C70839200DF7B4C /* SourceSwitch.swift in Sources */ = {isa = PBXBuildFile; fileRef = 93C5AFF42C70839200DF7B4C /* SourceSwitch.swift */; };
		93C7DA402C72493E004715A4 /* parse.swift in Sources */ = {isa = PBXBuildFile; fileRef = 93C7DA3F2C72493E004715A4 /* parse.swift */; };
		93C7DA422C72497F004715A4 /* FeedCardView.swift in Sources */ = {isa = PBXBuildFile; fileRef = 93C7DA412C72497F004715A4 /* FeedCardView.swift */; };
		93C7DA442C7249B7004715A4 /* FeedContentView.swift in Sources */ = {isa = PBXBuildFile; fileRef = 93C7DA432C7249B7004715A4 /* FeedContentView.swift */; };
		93CD8E2A2C702D4C00EE60EC /* RSSFeedSources.swift in Sources */ = {isa = PBXBuildFile; fileRef = 93CD8E292C702D4C00EE60EC /* RSSFeedSources.swift */; };
		93CD8E2C2C7032A400EE60EC /* Contents.swift in Sources */ = {isa = PBXBuildFile; fileRef = 93CD8E2B2C7032A400EE60EC /* Contents.swift */; };
		93D96CED2C6F9EC90016D057 /* Hydrangea_RSSApp.swift in Sources */ = {isa = PBXBuildFile; fileRef = 93D96CEC2C6F9EC90016D057 /* Hydrangea_RSSApp.swift */; };
		93D96CEF2C6F9EC90016D057 /* ContentView.swift in Sources */ = {isa = PBXBuildFile; fileRef = 93D96CEE2C6F9EC90016D057 /* ContentView.swift */; };
		93D96CF12C6F9ECA0016D057 /* Assets.xcassets in Resources */ = {isa = PBXBuildFile; fileRef = 93D96CF02C6F9ECA0016D057 /* Assets.xcassets */; };
		93D96CF42C6F9ECA0016D057 /* Preview Assets.xcassets in Resources */ = {isa = PBXBuildFile; fileRef = 93D96CF32C6F9ECA0016D057 /* Preview Assets.xcassets */; };
		93D96CFE2C6F9ECA0016D057 /* Hydrangea_RSSTests.swift in Sources */ = {isa = PBXBuildFile; fileRef = 93D96CFD2C6F9ECA0016D057 /* Hydrangea_RSSTests.swift */; };
		93D96D082C6F9ECA0016D057 /* Hydrangea_RSSUITests.swift in Sources */ = {isa = PBXBuildFile; fileRef = 93D96D072C6F9ECA0016D057 /* Hydrangea_RSSUITests.swift */; };
		93D96D0A2C6F9ECA0016D057 /* Hydrangea_RSSUITestsLaunchTests.swift in Sources */ = {isa = PBXBuildFile; fileRef = 93D96D092C6F9ECA0016D057 /* Hydrangea_RSSUITestsLaunchTests.swift */; };
		93E8D9892C719E680021A821 /* RSSList.swift in Sources */ = {isa = PBXBuildFile; fileRef = 93E8D9882C719E670021A821 /* RSSList.swift */; };
		93E8D98C2C71AB5B0021A821 /* extensions_String.swift in Sources */ = {isa = PBXBuildFile; fileRef = 93E8D98B2C71AB5B0021A821 /* extensions_String.swift */; };
		93E8D98E2C71AB900021A821 /* extensions_Int.swift in Sources */ = {isa = PBXBuildFile; fileRef = 93E8D98D2C71AB900021A821 /* extensions_Int.swift */; };
		93E8D9902C71ADCB0021A821 /* extensions_UUID.swift in Sources */ = {isa = PBXBuildFile; fileRef = 93E8D98F2C71ADCB0021A821 /* extensions_UUID.swift */; };
		93E8D9922C71AE840021A821 /* extension_NSAttributedString.swift in Sources */ = {isa = PBXBuildFile; fileRef = 93E8D9912C71AE840021A821 /* extension_NSAttributedString.swift */; };
		93F2CC552C6FA8C100F4D992 /* Settings.swift in Sources */ = {isa = PBXBuildFile; fileRef = 93F2CC542C6FA8C100F4D992 /* Settings.swift */; };
		93F73EEA2C72204C00782FD7 /* LoadingView.swift in Sources */ = {isa = PBXBuildFile; fileRef = 93F73EE92C72204C00782FD7 /* LoadingView.swift */; };
/* End PBXBuildFile section */

/* Begin PBXContainerItemProxy section */
		93D96CFA2C6F9ECA0016D057 /* PBXContainerItemProxy */ = {
			isa = PBXContainerItemProxy;
			containerPortal = 93D96CE12C6F9EC90016D057 /* Project object */;
			proxyType = 1;
			remoteGlobalIDString = 93D96CE82C6F9EC90016D057;
			remoteInfo = "Hydrangea RSS";
		};
		93D96D042C6F9ECA0016D057 /* PBXContainerItemProxy */ = {
			isa = PBXContainerItemProxy;
			containerPortal = 93D96CE12C6F9EC90016D057 /* Project object */;
			proxyType = 1;
			remoteGlobalIDString = 93D96CE82C6F9EC90016D057;
			remoteInfo = "Hydrangea RSS";
		};
/* End PBXContainerItemProxy section */

/* Begin PBXFileReference section */
		932E9FCA2C70372F008F7E12 /* RSSItem.swift */ = {isa = PBXFileReference; lastKnownFileType = sourcecode.swift; path = RSSItem.swift; sourceTree = "<group>"; };
		93A074D52C7306F800D71FBB /* SourceList.swift */ = {isa = PBXFileReference; lastKnownFileType = sourcecode.swift; path = SourceList.swift; sourceTree = "<group>"; };
		93A074D72C73086A00D71FBB /* UserConfig.swift */ = {isa = PBXFileReference; lastKnownFileType = sourcecode.swift; path = UserConfig.swift; sourceTree = "<group>"; };
		93A074D92C7319D600D71FBB /* getUserConfig.swift */ = {isa = PBXFileReference; lastKnownFileType = sourcecode.swift; path = getUserConfig.swift; sourceTree = "<group>"; };
		93A5BD462C73A88A0032F92B /* uploadUserConfig.swift */ = {isa = PBXFileReference; lastKnownFileType = sourcecode.swift; path = uploadUserConfig.swift; sourceTree = "<group>"; };
		93C5AFF42C70839200DF7B4C /* SourceSwitch.swift */ = {isa = PBXFileReference; lastKnownFileType = sourcecode.swift; path = SourceSwitch.swift; sourceTree = "<group>"; };
		93C7DA3F2C72493E004715A4 /* parse.swift */ = {isa = PBXFileReference; lastKnownFileType = sourcecode.swift; path = parse.swift; sourceTree = "<group>"; };
		93C7DA412C72497F004715A4 /* FeedCardView.swift */ = {isa = PBXFileReference; lastKnownFileType = sourcecode.swift; path = FeedCardView.swift; sourceTree = "<group>"; };
		93C7DA432C7249B7004715A4 /* FeedContentView.swift */ = {isa = PBXFileReference; lastKnownFileType = sourcecode.swift; path = FeedContentView.swift; sourceTree = "<group>"; };
		93CD8E292C702D4C00EE60EC /* RSSFeedSources.swift */ = {isa = PBXFileReference; lastKnownFileType = sourcecode.swift; path = RSSFeedSources.swift; sourceTree = "<group>"; };
		93CD8E2B2C7032A400EE60EC /* Contents.swift */ = {isa = PBXFileReference; lastKnownFileType = sourcecode.swift; path = Contents.swift; sourceTree = "<group>"; };
		93D96CE92C6F9EC90016D057 /* Hydrangea RSS.app */ = {isa = PBXFileReference; explicitFileType = wrapper.application; includeInIndex = 0; path = "Hydrangea RSS.app"; sourceTree = BUILT_PRODUCTS_DIR; };
		93D96CEC2C6F9EC90016D057 /* Hydrangea_RSSApp.swift */ = {isa = PBXFileReference; lastKnownFileType = sourcecode.swift; path = Hydrangea_RSSApp.swift; sourceTree = "<group>"; };
		93D96CEE2C6F9EC90016D057 /* ContentView.swift */ = {isa = PBXFileReference; lastKnownFileType = sourcecode.swift; path = ContentView.swift; sourceTree = "<group>"; };
		93D96CF02C6F9ECA0016D057 /* Assets.xcassets */ = {isa = PBXFileReference; lastKnownFileType = folder.assetcatalog; path = Assets.xcassets; sourceTree = "<group>"; };
		93D96CF32C6F9ECA0016D057 /* Preview Assets.xcassets */ = {isa = PBXFileReference; lastKnownFileType = folder.assetcatalog; path = "Preview Assets.xcassets"; sourceTree = "<group>"; };
		93D96CF92C6F9ECA0016D057 /* Hydrangea RSSTests.xctest */ = {isa = PBXFileReference; explicitFileType = wrapper.cfbundle; includeInIndex = 0; path = "Hydrangea RSSTests.xctest"; sourceTree = BUILT_PRODUCTS_DIR; };
		93D96CFD2C6F9ECA0016D057 /* Hydrangea_RSSTests.swift */ = {isa = PBXFileReference; lastKnownFileType = sourcecode.swift; path = Hydrangea_RSSTests.swift; sourceTree = "<group>"; };
		93D96D032C6F9ECA0016D057 /* Hydrangea RSSUITests.xctest */ = {isa = PBXFileReference; explicitFileType = wrapper.cfbundle; includeInIndex = 0; path = "Hydrangea RSSUITests.xctest"; sourceTree = BUILT_PRODUCTS_DIR; };
		93D96D072C6F9ECA0016D057 /* Hydrangea_RSSUITests.swift */ = {isa = PBXFileReference; lastKnownFileType = sourcecode.swift; path = Hydrangea_RSSUITests.swift; sourceTree = "<group>"; };
		93D96D092C6F9ECA0016D057 /* Hydrangea_RSSUITestsLaunchTests.swift */ = {isa = PBXFileReference; lastKnownFileType = sourcecode.swift; path = Hydrangea_RSSUITestsLaunchTests.swift; sourceTree = "<group>"; };
		93E8D9882C719E670021A821 /* RSSList.swift */ = {isa = PBXFileReference; lastKnownFileType = sourcecode.swift; path = RSSList.swift; sourceTree = "<group>"; };
		93E8D98B2C71AB5B0021A821 /* extensions_String.swift */ = {isa = PBXFileReference; lastKnownFileType = sourcecode.swift; path = extensions_String.swift; sourceTree = "<group>"; };
		93E8D98D2C71AB900021A821 /* extensions_Int.swift */ = {isa = PBXFileReference; lastKnownFileType = sourcecode.swift; path = extensions_Int.swift; sourceTree = "<group>"; };
		93E8D98F2C71ADCB0021A821 /* extensions_UUID.swift */ = {isa = PBXFileReference; lastKnownFileType = sourcecode.swift; path = extensions_UUID.swift; sourceTree = "<group>"; };
		93E8D9912C71AE840021A821 /* extension_NSAttributedString.swift */ = {isa = PBXFileReference; lastKnownFileType = sourcecode.swift; path = extension_NSAttributedString.swift; sourceTree = "<group>"; };
		93F2CC532C6FA23B00F4D992 /* Hydrangea RSS.entitlements */ = {isa = PBXFileReference; lastKnownFileType = text.plist.entitlements; path = "Hydrangea RSS.entitlements"; sourceTree = "<group>"; };
		93F2CC542C6FA8C100F4D992 /* Settings.swift */ = {isa = PBXFileReference; lastKnownFileType = sourcecode.swift; path = Settings.swift; sourceTree = "<group>"; };
		93F73EE92C72204C00782FD7 /* LoadingView.swift */ = {isa = PBXFileReference; lastKnownFileType = sourcecode.swift; path = LoadingView.swift; sourceTree = "<group>"; };
/* End PBXFileReference section */

/* Begin PBXFrameworksBuildPhase section */
		93D96CE62C6F9EC90016D057 /* Frameworks */ = {
			isa = PBXFrameworksBuildPhase;
			buildActionMask = 2147483647;
			files = (
				9312F1462C70568B001843E6 /* URLImageStore in Frameworks */,
				9312F1442C70568B001843E6 /* URLImage in Frameworks */,
			);
			runOnlyForDeploymentPostprocessing = 0;
		};
		93D96CF62C6F9ECA0016D057 /* Frameworks */ = {
			isa = PBXFrameworksBuildPhase;
			buildActionMask = 2147483647;
			files = (
			);
			runOnlyForDeploymentPostprocessing = 0;
		};
		93D96D002C6F9ECA0016D057 /* Frameworks */ = {
			isa = PBXFrameworksBuildPhase;
			buildActionMask = 2147483647;
			files = (
			);
			runOnlyForDeploymentPostprocessing = 0;
		};
/* End PBXFrameworksBuildPhase section */

/* Begin PBXGroup section */
		932E9FC92C703705008F7E12 /* classes */ = {
			isa = PBXGroup;
			children = (
				932E9FCA2C70372F008F7E12 /* RSSItem.swift */,
				93E8D9882C719E670021A821 /* RSSList.swift */,
				93A074D52C7306F800D71FBB /* SourceList.swift */,
				93A074D72C73086A00D71FBB /* UserConfig.swift */,
			);
			path = classes;
			sourceTree = "<group>";
		};
		93C5AFF32C70837600DF7B4C /* Contents */ = {
			isa = PBXGroup;
			children = (
				93C5AFF42C70839200DF7B4C /* SourceSwitch.swift */,
			);
			path = Contents;
			sourceTree = "<group>";
		};
		93C7DA3E2C724936004715A4 /* functions */ = {
			isa = PBXGroup;
			children = (
				93C7DA3F2C72493E004715A4 /* parse.swift */,
				93A074D92C7319D600D71FBB /* getUserConfig.swift */,
				93A5BD462C73A88A0032F92B /* uploadUserConfig.swift */,
			);
			path = functions;
			sourceTree = "<group>";
		};
		93CD8E282C702D3300EE60EC /* Settings */ = {
			isa = PBXGroup;
			children = (
				93CD8E292C702D4C00EE60EC /* RSSFeedSources.swift */,
			);
			path = Settings;
			sourceTree = "<group>";
		};
		93D96CE02C6F9EC90016D057 = {
			isa = PBXGroup;
			children = (
				93D96CEB2C6F9EC90016D057 /* Hydrangea RSS */,
				93D96CFC2C6F9ECA0016D057 /* Hydrangea RSSTests */,
				93D96D062C6F9ECA0016D057 /* Hydrangea RSSUITests */,
				93D96CEA2C6F9EC90016D057 /* Products */,
			);
			sourceTree = "<group>";
		};
		93D96CEA2C6F9EC90016D057 /* Products */ = {
			isa = PBXGroup;
			children = (
				93D96CE92C6F9EC90016D057 /* Hydrangea RSS.app */,
				93D96CF92C6F9ECA0016D057 /* Hydrangea RSSTests.xctest */,
				93D96D032C6F9ECA0016D057 /* Hydrangea RSSUITests.xctest */,
			);
			name = Products;
			sourceTree = "<group>";
		};
		93D96CEB2C6F9EC90016D057 /* Hydrangea RSS */ = {
			isa = PBXGroup;
			children = (
				93C7DA3E2C724936004715A4 /* functions */,
				93F73EE82C72203F00782FD7 /* views */,
				93E8D98A2C71AB400021A821 /* extensions */,
				932E9FC92C703705008F7E12 /* classes */,
				93F2CC532C6FA23B00F4D992 /* Hydrangea RSS.entitlements */,
				93D96CEC2C6F9EC90016D057 /* Hydrangea_RSSApp.swift */,
				93D96CEE2C6F9EC90016D057 /* ContentView.swift */,
				93CD8E2B2C7032A400EE60EC /* Contents.swift */,
				93C5AFF32C70837600DF7B4C /* Contents */,
				93F2CC542C6FA8C100F4D992 /* Settings.swift */,
				93CD8E282C702D3300EE60EC /* Settings */,
				93D96CF02C6F9ECA0016D057 /* Assets.xcassets */,
				93D96CF22C6F9ECA0016D057 /* Preview Content */,
			);
			path = "Hydrangea RSS";
			sourceTree = "<group>";
		};
		93D96CF22C6F9ECA0016D057 /* Preview Content */ = {
			isa = PBXGroup;
			children = (
				93D96CF32C6F9ECA0016D057 /* Preview Assets.xcassets */,
			);
			path = "Preview Content";
			sourceTree = "<group>";
		};
		93D96CFC2C6F9ECA0016D057 /* Hydrangea RSSTests */ = {
			isa = PBXGroup;
			children = (
				93D96CFD2C6F9ECA0016D057 /* Hydrangea_RSSTests.swift */,
			);
			path = "Hydrangea RSSTests";
			sourceTree = "<group>";
		};
		93D96D062C6F9ECA0016D057 /* Hydrangea RSSUITests */ = {
			isa = PBXGroup;
			children = (
				93D96D072C6F9ECA0016D057 /* Hydrangea_RSSUITests.swift */,
				93D96D092C6F9ECA0016D057 /* Hydrangea_RSSUITestsLaunchTests.swift */,
			);
			path = "Hydrangea RSSUITests";
			sourceTree = "<group>";
		};
		93E8D98A2C71AB400021A821 /* extensions */ = {
			isa = PBXGroup;
			children = (
				93E8D98B2C71AB5B0021A821 /* extensions_String.swift */,
				93E8D9912C71AE840021A821 /* extension_NSAttributedString.swift */,
				93E8D98D2C71AB900021A821 /* extensions_Int.swift */,
				93E8D98F2C71ADCB0021A821 /* extensions_UUID.swift */,
			);
			path = extensions;
			sourceTree = "<group>";
		};
		93F73EE82C72203F00782FD7 /* views */ = {
			isa = PBXGroup;
			children = (
				93F73EE92C72204C00782FD7 /* LoadingView.swift */,
				93C7DA412C72497F004715A4 /* FeedCardView.swift */,
				93C7DA432C7249B7004715A4 /* FeedContentView.swift */,
			);
			path = views;
			sourceTree = "<group>";
		};
/* End PBXGroup section */

/* Begin PBXNativeTarget section */
		93D96CE82C6F9EC90016D057 /* Hydrangea RSS */ = {
			isa = PBXNativeTarget;
			buildConfigurationList = 93D96D0D2C6F9ECA0016D057 /* Build configuration list for PBXNativeTarget "Hydrangea RSS" */;
			buildPhases = (
				93D96CE52C6F9EC90016D057 /* Sources */,
				93D96CE62C6F9EC90016D057 /* Frameworks */,
				93D96CE72C6F9EC90016D057 /* Resources */,
			);
			buildRules = (
			);
			dependencies = (
			);
			name = "Hydrangea RSS";
			packageProductDependencies = (
				9312F1432C70568B001843E6 /* URLImage */,
				9312F1452C70568B001843E6 /* URLImageStore */,
			);
			productName = "Hydrangea RSS";
			productReference = 93D96CE92C6F9EC90016D057 /* Hydrangea RSS.app */;
			productType = "com.apple.product-type.application";
		};
		93D96CF82C6F9ECA0016D057 /* Hydrangea RSSTests */ = {
			isa = PBXNativeTarget;
			buildConfigurationList = 93D96D102C6F9ECA0016D057 /* Build configuration list for PBXNativeTarget "Hydrangea RSSTests" */;
			buildPhases = (
				93D96CF52C6F9ECA0016D057 /* Sources */,
				93D96CF62C6F9ECA0016D057 /* Frameworks */,
				93D96CF72C6F9ECA0016D057 /* Resources */,
			);
			buildRules = (
			);
			dependencies = (
				93D96CFB2C6F9ECA0016D057 /* PBXTargetDependency */,
			);
			name = "Hydrangea RSSTests";
			productName = "Hydrangea RSSTests";
			productReference = 93D96CF92C6F9ECA0016D057 /* Hydrangea RSSTests.xctest */;
			productType = "com.apple.product-type.bundle.unit-test";
		};
		93D96D022C6F9ECA0016D057 /* Hydrangea RSSUITests */ = {
			isa = PBXNativeTarget;
			buildConfigurationList = 93D96D132C6F9ECA0016D057 /* Build configuration list for PBXNativeTarget "Hydrangea RSSUITests" */;
			buildPhases = (
				93D96CFF2C6F9ECA0016D057 /* Sources */,
				93D96D002C6F9ECA0016D057 /* Frameworks */,
				93D96D012C6F9ECA0016D057 /* Resources */,
			);
			buildRules = (
			);
			dependencies = (
				93D96D052C6F9ECA0016D057 /* PBXTargetDependency */,
			);
			name = "Hydrangea RSSUITests";
			productName = "Hydrangea RSSUITests";
			productReference = 93D96D032C6F9ECA0016D057 /* Hydrangea RSSUITests.xctest */;
			productType = "com.apple.product-type.bundle.ui-testing";
		};
/* End PBXNativeTarget section */

/* Begin PBXProject section */
		93D96CE12C6F9EC90016D057 /* Project object */ = {
			isa = PBXProject;
			attributes = {
				BuildIndependentTargetsInParallel = 1;
				LastSwiftUpdateCheck = 1540;
				LastUpgradeCheck = 1540;
				TargetAttributes = {
					93D96CE82C6F9EC90016D057 = {
						CreatedOnToolsVersion = 15.4;
					};
					93D96CF82C6F9ECA0016D057 = {
						CreatedOnToolsVersion = 15.4;
						TestTargetID = 93D96CE82C6F9EC90016D057;
					};
					93D96D022C6F9ECA0016D057 = {
						CreatedOnToolsVersion = 15.4;
						TestTargetID = 93D96CE82C6F9EC90016D057;
					};
				};
			};
			buildConfigurationList = 93D96CE42C6F9EC90016D057 /* Build configuration list for PBXProject "Hydrangea RSS" */;
			compatibilityVersion = "Xcode 14.0";
			developmentRegion = en;
			hasScannedForEncodings = 0;
			knownRegions = (
				en,
				Base,
			);
			mainGroup = 93D96CE02C6F9EC90016D057;
			packageReferences = (
				9312F1422C70568B001843E6 /* XCRemoteSwiftPackageReference "url-image" */,
			);
			productRefGroup = 93D96CEA2C6F9EC90016D057 /* Products */;
			projectDirPath = "";
			projectRoot = "";
			targets = (
				93D96CE82C6F9EC90016D057 /* Hydrangea RSS */,
				93D96CF82C6F9ECA0016D057 /* Hydrangea RSSTests */,
				93D96D022C6F9ECA0016D057 /* Hydrangea RSSUITests */,
			);
		};
/* End PBXProject section */

/* Begin PBXResourcesBuildPhase section */
		93D96CE72C6F9EC90016D057 /* Resources */ = {
			isa = PBXResourcesBuildPhase;
			buildActionMask = 2147483647;
			files = (
				93D96CF42C6F9ECA0016D057 /* Preview Assets.xcassets in Resources */,
				93D96CF12C6F9ECA0016D057 /* Assets.xcassets in Resources */,
			);
			runOnlyForDeploymentPostprocessing = 0;
		};
		93D96CF72C6F9ECA0016D057 /* Resources */ = {
			isa = PBXResourcesBuildPhase;
			buildActionMask = 2147483647;
			files = (
			);
			runOnlyForDeploymentPostprocessing = 0;
		};
		93D96D012C6F9ECA0016D057 /* Resources */ = {
			isa = PBXResourcesBuildPhase;
			buildActionMask = 2147483647;
			files = (
			);
			runOnlyForDeploymentPostprocessing = 0;
		};
/* End PBXResourcesBuildPhase section */

/* Begin PBXSourcesBuildPhase section */
		93D96CE52C6F9EC90016D057 /* Sources */ = {
			isa = PBXSourcesBuildPhase;
			buildActionMask = 2147483647;
			files = (
				93A074DA2C7319D600D71FBB /* getUserConfig.swift in Sources */,
				93F2CC552C6FA8C100F4D992 /* Settings.swift in Sources */,
				93A074D62C7306F800D71FBB /* SourceList.swift in Sources */,
				93C7DA402C72493E004715A4 /* parse.swift in Sources */,
				93C5AFF52C70839200DF7B4C /* SourceSwitch.swift in Sources */,
				93CD8E2C2C7032A400EE60EC /* Contents.swift in Sources */,
				93E8D98E2C71AB900021A821 /* extensions_Int.swift in Sources */,
				93D96CEF2C6F9EC90016D057 /* ContentView.swift in Sources */,
				932E9FCB2C70372F008F7E12 /* RSSItem.swift in Sources */,
				93E8D98C2C71AB5B0021A821 /* extensions_String.swift in Sources */,
				93E8D9892C719E680021A821 /* RSSList.swift in Sources */,
				93A074D82C73086A00D71FBB /* UserConfig.swift in Sources */,
				93A5BD472C73A88A0032F92B /* uploadUserConfig.swift in Sources */,
				93D96CED2C6F9EC90016D057 /* Hydrangea_RSSApp.swift in Sources */,
				93E8D9922C71AE840021A821 /* extension_NSAttributedString.swift in Sources */,
				93CD8E2A2C702D4C00EE60EC /* RSSFeedSources.swift in Sources */,
				93C7DA422C72497F004715A4 /* FeedCardView.swift in Sources */,
				93C7DA442C7249B7004715A4 /* FeedContentView.swift in Sources */,
				93F73EEA2C72204C00782FD7 /* LoadingView.swift in Sources */,
				93E8D9902C71ADCB0021A821 /* extensions_UUID.swift in Sources */,
			);
			runOnlyForDeploymentPostprocessing = 0;
		};
		93D96CF52C6F9ECA0016D057 /* Sources */ = {
			isa = PBXSourcesBuildPhase;
			buildActionMask = 2147483647;
			files = (
				93D96CFE2C6F9ECA0016D057 /* Hydrangea_RSSTests.swift in Sources */,
			);
			runOnlyForDeploymentPostprocessing = 0;
		};
		93D96CFF2C6F9ECA0016D057 /* Sources */ = {
			isa = PBXSourcesBuildPhase;
			buildActionMask = 2147483647;
			files = (
				93D96D082C6F9ECA0016D057 /* Hydrangea_RSSUITests.swift in Sources */,
				93D96D0A2C6F9ECA0016D057 /* Hydrangea_RSSUITestsLaunchTests.swift in Sources */,
			);
			runOnlyForDeploymentPostprocessing = 0;
		};
/* End PBXSourcesBuildPhase section */

/* Begin PBXTargetDependency section */
		93D96CFB2C6F9ECA0016D057 /* PBXTargetDependency */ = {
			isa = PBXTargetDependency;
			target = 93D96CE82C6F9EC90016D057 /* Hydrangea RSS */;
			targetProxy = 93D96CFA2C6F9ECA0016D057 /* PBXContainerItemProxy */;
		};
		93D96D052C6F9ECA0016D057 /* PBXTargetDependency */ = {
			isa = PBXTargetDependency;
			target = 93D96CE82C6F9EC90016D057 /* Hydrangea RSS */;
			targetProxy = 93D96D042C6F9ECA0016D057 /* PBXContainerItemProxy */;
		};
/* End PBXTargetDependency section */

/* Begin XCBuildConfiguration section */
		93D96D0B2C6F9ECA0016D057 /* Debug */ = {
			isa = XCBuildConfiguration;
			buildSettings = {
				ALWAYS_SEARCH_USER_PATHS = NO;
				ASSETCATALOG_COMPILER_GENERATE_SWIFT_ASSET_SYMBOL_EXTENSIONS = YES;
				CLANG_ANALYZER_NONNULL = YES;
				CLANG_ANALYZER_NUMBER_OBJECT_CONVERSION = YES_AGGRESSIVE;
				CLANG_CXX_LANGUAGE_STANDARD = "gnu++20";
				CLANG_ENABLE_MODULES = YES;
				CLANG_ENABLE_OBJC_ARC = YES;
				CLANG_ENABLE_OBJC_WEAK = YES;
				CLANG_WARN_BLOCK_CAPTURE_AUTORELEASING = YES;
				CLANG_WARN_BOOL_CONVERSION = YES;
				CLANG_WARN_COMMA = YES;
				CLANG_WARN_CONSTANT_CONVERSION = YES;
				CLANG_WARN_DEPRECATED_OBJC_IMPLEMENTATIONS = YES;
				CLANG_WARN_DIRECT_OBJC_ISA_USAGE = YES_ERROR;
				CLANG_WARN_DOCUMENTATION_COMMENTS = YES;
				CLANG_WARN_EMPTY_BODY = YES;
				CLANG_WARN_ENUM_CONVERSION = YES;
				CLANG_WARN_INFINITE_RECURSION = YES;
				CLANG_WARN_INT_CONVERSION = YES;
				CLANG_WARN_NON_LITERAL_NULL_CONVERSION = YES;
				CLANG_WARN_OBJC_IMPLICIT_RETAIN_SELF = YES;
				CLANG_WARN_OBJC_LITERAL_CONVERSION = YES;
				CLANG_WARN_OBJC_ROOT_CLASS = YES_ERROR;
				CLANG_WARN_QUOTED_INCLUDE_IN_FRAMEWORK_HEADER = YES;
				CLANG_WARN_RANGE_LOOP_ANALYSIS = YES;
				CLANG_WARN_STRICT_PROTOTYPES = YES;
				CLANG_WARN_SUSPICIOUS_MOVE = YES;
				CLANG_WARN_UNGUARDED_AVAILABILITY = YES_AGGRESSIVE;
				CLANG_WARN_UNREACHABLE_CODE = YES;
				CLANG_WARN__DUPLICATE_METHOD_MATCH = YES;
				COPY_PHASE_STRIP = NO;
				DEBUG_INFORMATION_FORMAT = dwarf;
				ENABLE_STRICT_OBJC_MSGSEND = YES;
				ENABLE_TESTABILITY = YES;
				ENABLE_USER_SCRIPT_SANDBOXING = YES;
				GCC_C_LANGUAGE_STANDARD = gnu17;
				GCC_DYNAMIC_NO_PIC = NO;
				GCC_NO_COMMON_BLOCKS = YES;
				GCC_OPTIMIZATION_LEVEL = 0;
				GCC_PREPROCESSOR_DEFINITIONS = (
					"DEBUG=1",
					"$(inherited)",
				);
				GCC_WARN_64_TO_32_BIT_CONVERSION = YES;
				GCC_WARN_ABOUT_RETURN_TYPE = YES_ERROR;
				GCC_WARN_UNDECLARED_SELECTOR = YES;
				GCC_WARN_UNINITIALIZED_AUTOS = YES_AGGRESSIVE;
				GCC_WARN_UNUSED_FUNCTION = YES;
				GCC_WARN_UNUSED_VARIABLE = YES;
				IPHONEOS_DEPLOYMENT_TARGET = 17.5;
				LOCALIZATION_PREFERS_STRING_CATALOGS = YES;
				MTL_ENABLE_DEBUG_INFO = INCLUDE_SOURCE;
				MTL_FAST_MATH = YES;
				ONLY_ACTIVE_ARCH = YES;
				SDKROOT = iphoneos;
				SWIFT_ACTIVE_COMPILATION_CONDITIONS = "DEBUG $(inherited)";
				SWIFT_OPTIMIZATION_LEVEL = "-Onone";
			};
			name = Debug;
		};
		93D96D0C2C6F9ECA0016D057 /* Release */ = {
			isa = XCBuildConfiguration;
			buildSettings = {
				ALWAYS_SEARCH_USER_PATHS = NO;
				ASSETCATALOG_COMPILER_GENERATE_SWIFT_ASSET_SYMBOL_EXTENSIONS = YES;
				CLANG_ANALYZER_NONNULL = YES;
				CLANG_ANALYZER_NUMBER_OBJECT_CONVERSION = YES_AGGRESSIVE;
				CLANG_CXX_LANGUAGE_STANDARD = "gnu++20";
				CLANG_ENABLE_MODULES = YES;
				CLANG_ENABLE_OBJC_ARC = YES;
				CLANG_ENABLE_OBJC_WEAK = YES;
				CLANG_WARN_BLOCK_CAPTURE_AUTORELEASING = YES;
				CLANG_WARN_BOOL_CONVERSION = YES;
				CLANG_WARN_COMMA = YES;
				CLANG_WARN_CONSTANT_CONVERSION = YES;
				CLANG_WARN_DEPRECATED_OBJC_IMPLEMENTATIONS = YES;
				CLANG_WARN_DIRECT_OBJC_ISA_USAGE = YES_ERROR;
				CLANG_WARN_DOCUMENTATION_COMMENTS = YES;
				CLANG_WARN_EMPTY_BODY = YES;
				CLANG_WARN_ENUM_CONVERSION = YES;
				CLANG_WARN_INFINITE_RECURSION = YES;
				CLANG_WARN_INT_CONVERSION = YES;
				CLANG_WARN_NON_LITERAL_NULL_CONVERSION = YES;
				CLANG_WARN_OBJC_IMPLICIT_RETAIN_SELF = YES;
				CLANG_WARN_OBJC_LITERAL_CONVERSION = YES;
				CLANG_WARN_OBJC_ROOT_CLASS = YES_ERROR;
				CLANG_WARN_QUOTED_INCLUDE_IN_FRAMEWORK_HEADER = YES;
				CLANG_WARN_RANGE_LOOP_ANALYSIS = YES;
				CLANG_WARN_STRICT_PROTOTYPES = YES;
				CLANG_WARN_SUSPICIOUS_MOVE = YES;
				CLANG_WARN_UNGUARDED_AVAILABILITY = YES_AGGRESSIVE;
				CLANG_WARN_UNREACHABLE_CODE = YES;
				CLANG_WARN__DUPLICATE_METHOD_MATCH = YES;
				COPY_PHASE_STRIP = NO;
				DEBUG_INFORMATION_FORMAT = "dwarf-with-dsym";
				ENABLE_NS_ASSERTIONS = NO;
				ENABLE_STRICT_OBJC_MSGSEND = YES;
				ENABLE_USER_SCRIPT_SANDBOXING = YES;
				GCC_C_LANGUAGE_STANDARD = gnu17;
				GCC_NO_COMMON_BLOCKS = YES;
				GCC_WARN_64_TO_32_BIT_CONVERSION = YES;
				GCC_WARN_ABOUT_RETURN_TYPE = YES_ERROR;
				GCC_WARN_UNDECLARED_SELECTOR = YES;
				GCC_WARN_UNINITIALIZED_AUTOS = YES_AGGRESSIVE;
				GCC_WARN_UNUSED_FUNCTION = YES;
				GCC_WARN_UNUSED_VARIABLE = YES;
				IPHONEOS_DEPLOYMENT_TARGET = 17.5;
				LOCALIZATION_PREFERS_STRING_CATALOGS = YES;
				MTL_ENABLE_DEBUG_INFO = NO;
				MTL_FAST_MATH = YES;
				SDKROOT = iphoneos;
				SWIFT_COMPILATION_MODE = wholemodule;
				VALIDATE_PRODUCT = YES;
			};
			name = Release;
		};
		93D96D0E2C6F9ECA0016D057 /* Debug */ = {
			isa = XCBuildConfiguration;
			buildSettings = {
				ASSETCATALOG_COMPILER_APPICON_NAME = AppIcon;
				ASSETCATALOG_COMPILER_GLOBAL_ACCENT_COLOR_NAME = AccentColor;
				CODE_SIGN_ENTITLEMENTS = "Hydrangea RSS/Hydrangea RSS.entitlements";
				CODE_SIGN_STYLE = Automatic;
				CURRENT_PROJECT_VERSION = 1;
				DEVELOPMENT_ASSET_PATHS = "Hydrangea\\ RSS";
				DEVELOPMENT_TEAM = ZR59599HJV;
				ENABLE_PREVIEWS = YES;
				GENERATE_INFOPLIST_FILE = YES;
				INFOPLIST_FILE = "Hydrangea-RSS-Info.plist";
				INFOPLIST_KEY_CFBundleDisplayName = "Hydrangea RSS";
				INFOPLIST_KEY_LSApplicationCategoryType = "public.app-category.news";
				INFOPLIST_KEY_UIApplicationSceneManifest_Generation = YES;
				INFOPLIST_KEY_UIApplicationSupportsIndirectInputEvents = YES;
				INFOPLIST_KEY_UILaunchScreen_Generation = YES;
				INFOPLIST_KEY_UISupportedInterfaceOrientations_iPad = "UIInterfaceOrientationPortrait UIInterfaceOrientationPortraitUpsideDown UIInterfaceOrientationLandscapeLeft UIInterfaceOrientationLandscapeRight";
				INFOPLIST_KEY_UISupportedInterfaceOrientations_iPhone = "UIInterfaceOrientationPortrait UIInterfaceOrientationLandscapeLeft UIInterfaceOrientationLandscapeRight";
				LD_RUNPATH_SEARCH_PATHS = (
					"$(inherited)",
					"@executable_path/Frameworks",
				);
				MARKETING_VERSION = 1.0;
				PRODUCT_BUNDLE_IDENTIFIER = "com.AcanXie.Hydrangea-RSS";
				PRODUCT_NAME = "$(TARGET_NAME)";
				SWIFT_EMIT_LOC_STRINGS = YES;
				SWIFT_VERSION = 5.0;
				TARGETED_DEVICE_FAMILY = "1,2";
			};
			name = Debug;
		};
		93D96D0F2C6F9ECA0016D057 /* Release */ = {
			isa = XCBuildConfiguration;
			buildSettings = {
				ASSETCATALOG_COMPILER_APPICON_NAME = AppIcon;
				ASSETCATALOG_COMPILER_GLOBAL_ACCENT_COLOR_NAME = AccentColor;
				CODE_SIGN_ENTITLEMENTS = "Hydrangea RSS/Hydrangea RSS.entitlements";
				CODE_SIGN_STYLE = Automatic;
				CURRENT_PROJECT_VERSION = 1;
				DEVELOPMENT_ASSET_PATHS = "Hydrangea\\ RSS";
				DEVELOPMENT_TEAM = ZR59599HJV;
				ENABLE_PREVIEWS = YES;
				GENERATE_INFOPLIST_FILE = YES;
				INFOPLIST_FILE = "Hydrangea-RSS-Info.plist";
				INFOPLIST_KEY_CFBundleDisplayName = "Hydrangea RSS";
				INFOPLIST_KEY_LSApplicationCategoryType = "public.app-category.news";
				INFOPLIST_KEY_UIApplicationSceneManifest_Generation = YES;
				INFOPLIST_KEY_UIApplicationSupportsIndirectInputEvents = YES;
				INFOPLIST_KEY_UILaunchScreen_Generation = YES;
				INFOPLIST_KEY_UISupportedInterfaceOrientations_iPad = "UIInterfaceOrientationPortrait UIInterfaceOrientationPortraitUpsideDown UIInterfaceOrientationLandscapeLeft UIInterfaceOrientationLandscapeRight";
				INFOPLIST_KEY_UISupportedInterfaceOrientations_iPhone = "UIInterfaceOrientationPortrait UIInterfaceOrientationLandscapeLeft UIInterfaceOrientationLandscapeRight";
				LD_RUNPATH_SEARCH_PATHS = (
					"$(inherited)",
					"@executable_path/Frameworks",
				);
				MARKETING_VERSION = 1.0;
				PRODUCT_BUNDLE_IDENTIFIER = "com.AcanXie.Hydrangea-RSS";
				PRODUCT_NAME = "$(TARGET_NAME)";
				SWIFT_EMIT_LOC_STRINGS = YES;
				SWIFT_VERSION = 5.0;
				TARGETED_DEVICE_FAMILY = "1,2";
			};
			name = Release;
		};
		93D96D112C6F9ECA0016D057 /* Debug */ = {
			isa = XCBuildConfiguration;
			buildSettings = {
				ALWAYS_EMBED_SWIFT_STANDARD_LIBRARIES = YES;
				BUNDLE_LOADER = "$(TEST_HOST)";
				CODE_SIGN_STYLE = Automatic;
				CURRENT_PROJECT_VERSION = 1;
				DEVELOPMENT_TEAM = ZR59599HJV;
				GENERATE_INFOPLIST_FILE = YES;
				IPHONEOS_DEPLOYMENT_TARGET = 17.5;
				MARKETING_VERSION = 1.0;
				PRODUCT_BUNDLE_IDENTIFIER = "com.AcanXie.Hydrangea-RSSTests";
				PRODUCT_NAME = "$(TARGET_NAME)";
				SWIFT_EMIT_LOC_STRINGS = NO;
				SWIFT_VERSION = 5.0;
				TARGETED_DEVICE_FAMILY = "1,2";
				TEST_HOST = "$(BUILT_PRODUCTS_DIR)/Hydrangea RSS.app/$(BUNDLE_EXECUTABLE_FOLDER_PATH)/Hydrangea RSS";
			};
			name = Debug;
		};
		93D96D122C6F9ECA0016D057 /* Release */ = {
			isa = XCBuildConfiguration;
			buildSettings = {
				ALWAYS_EMBED_SWIFT_STANDARD_LIBRARIES = YES;
				BUNDLE_LOADER = "$(TEST_HOST)";
				CODE_SIGN_STYLE = Automatic;
				CURRENT_PROJECT_VERSION = 1;
				DEVELOPMENT_TEAM = ZR59599HJV;
				GENERATE_INFOPLIST_FILE = YES;
				IPHONEOS_DEPLOYMENT_TARGET = 17.5;
				MARKETING_VERSION = 1.0;
				PRODUCT_BUNDLE_IDENTIFIER = "com.AcanXie.Hydrangea-RSSTests";
				PRODUCT_NAME = "$(TARGET_NAME)";
				SWIFT_EMIT_LOC_STRINGS = NO;
				SWIFT_VERSION = 5.0;
				TARGETED_DEVICE_FAMILY = "1,2";
				TEST_HOST = "$(BUILT_PRODUCTS_DIR)/Hydrangea RSS.app/$(BUNDLE_EXECUTABLE_FOLDER_PATH)/Hydrangea RSS";
			};
			name = Release;
		};
		93D96D142C6F9ECA0016D057 /* Debug */ = {
			isa = XCBuildConfiguration;
			buildSettings = {
				ALWAYS_EMBED_SWIFT_STANDARD_LIBRARIES = YES;
				CODE_SIGN_STYLE = Automatic;
				CURRENT_PROJECT_VERSION = 1;
				DEVELOPMENT_TEAM = ZR59599HJV;
				GENERATE_INFOPLIST_FILE = YES;
				MARKETING_VERSION = 1.0;
				PRODUCT_BUNDLE_IDENTIFIER = "com.AcanXie.Hydrangea-RSSUITests";
				PRODUCT_NAME = "$(TARGET_NAME)";
				SWIFT_EMIT_LOC_STRINGS = NO;
				SWIFT_VERSION = 5.0;
				TARGETED_DEVICE_FAMILY = "1,2";
				TEST_TARGET_NAME = "Hydrangea RSS";
			};
			name = Debug;
		};
		93D96D152C6F9ECA0016D057 /* Release */ = {
			isa = XCBuildConfiguration;
			buildSettings = {
				ALWAYS_EMBED_SWIFT_STANDARD_LIBRARIES = YES;
				CODE_SIGN_STYLE = Automatic;
				CURRENT_PROJECT_VERSION = 1;
				DEVELOPMENT_TEAM = ZR59599HJV;
				GENERATE_INFOPLIST_FILE = YES;
				MARKETING_VERSION = 1.0;
				PRODUCT_BUNDLE_IDENTIFIER = "com.AcanXie.Hydrangea-RSSUITests";
				PRODUCT_NAME = "$(TARGET_NAME)";
				SWIFT_EMIT_LOC_STRINGS = NO;
				SWIFT_VERSION = 5.0;
				TARGETED_DEVICE_FAMILY = "1,2";
				TEST_TARGET_NAME = "Hydrangea RSS";
			};
			name = Release;
		};
/* End XCBuildConfiguration section */

/* Begin XCConfigurationList section */
		93D96CE42C6F9EC90016D057 /* Build configuration list for PBXProject "Hydrangea RSS" */ = {
			isa = XCConfigurationList;
			buildConfigurations = (
				93D96D0B2C6F9ECA0016D057 /* Debug */,
				93D96D0C2C6F9ECA0016D057 /* Release */,
			);
			defaultConfigurationIsVisible = 0;
			defaultConfigurationName = Release;
		};
		93D96D0D2C6F9ECA0016D057 /* Build configuration list for PBXNativeTarget "Hydrangea RSS" */ = {
			isa = XCConfigurationList;
			buildConfigurations = (
				93D96D0E2C6F9ECA0016D057 /* Debug */,
				93D96D0F2C6F9ECA0016D057 /* Release */,
			);
			defaultConfigurationIsVisible = 0;
			defaultConfigurationName = Release;
		};
		93D96D102C6F9ECA0016D057 /* Build configuration list for PBXNativeTarget "Hydrangea RSSTests" */ = {
			isa = XCConfigurationList;
			buildConfigurations = (
				93D96D112C6F9ECA0016D057 /* Debug */,
				93D96D122C6F9ECA0016D057 /* Release */,
			);
			defaultConfigurationIsVisible = 0;
			defaultConfigurationName = Release;
		};
		93D96D132C6F9ECA0016D057 /* Build configuration list for PBXNativeTarget "Hydrangea RSSUITests" */ = {
			isa = XCConfigurationList;
			buildConfigurations = (
				93D96D142C6F9ECA0016D057 /* Debug */,
				93D96D152C6F9ECA0016D057 /* Release */,
			);
			defaultConfigurationIsVisible = 0;
			defaultConfigurationName = Release;
		};
/* End XCConfigurationList section */

/* Begin XCRemoteSwiftPackageReference section */
		9312F1422C70568B001843E6 /* XCRemoteSwiftPackageReference "url-image" */ = {
			isa = XCRemoteSwiftPackageReference;
			repositoryURL = "https://github.com/dmytro-anokhin/url-image.git";
			requirement = {
				kind = upToNextMajorVersion;
				minimumVersion = 3.1.1;
			};
		};
/* End XCRemoteSwiftPackageReference section */

/* Begin XCSwiftPackageProductDependency section */
		9312F1432C70568B001843E6 /* URLImage */ = {
			isa = XCSwiftPackageProductDependency;
			package = 9312F1422C70568B001843E6 /* XCRemoteSwiftPackageReference "url-image" */;
			productName = URLImage;
		};
		9312F1452C70568B001843E6 /* URLImageStore */ = {
			isa = XCSwiftPackageProductDependency;
			package = 9312F1422C70568B001843E6 /* XCRemoteSwiftPackageReference "url-image" */;
			productName = URLImageStore;
		};
/* End XCSwiftPackageProductDependency section */
	};
	rootObject = 93D96CE12C6F9EC90016D057 /* Project object */;
}
